// !$*UTF8*$!
{
	archiveVersion = 1;
	classes = {
	};
	objectVersion = 55;
	objects = {

/* Begin PBXBuildFile section */
		31C8F80627FC248F00D1B37F /* SwiftyLib.docc in Sources */ = {isa = PBXBuildFile; fileRef = 31C8F80527FC248F00D1B37F /* SwiftyLib.docc */; };
		31C8F80C27FC249000D1B37F /* SwiftyLib.framework in Frameworks */ = {isa = PBXBuildFile; fileRef = 31C8F80127FC248F00D1B37F /* SwiftyLib.framework */; };
		31C8F81127FC249000D1B37F /* SwiftLibTests.swift in Sources */ = {isa = PBXBuildFile; fileRef = 31C8F81027FC249000D1B37F /* SwiftLibTests.swift */; };
		31C8F81227FC249000D1B37F /* SwiftyLib.h in Headers */ = {isa = PBXBuildFile; fileRef = 31C8F80427FC248F00D1B37F /* SwiftyLib.h */; settings = {ATTRIBUTES = (Public, ); }; };
		31C8F82227FC24AF00D1B37F /* AppDelegate.swift in Sources */ = {isa = PBXBuildFile; fileRef = 31C8F82127FC24AF00D1B37F /* AppDelegate.swift */; };
		31C8F82427FC24AF00D1B37F /* SceneDelegate.swift in Sources */ = {isa = PBXBuildFile; fileRef = 31C8F82327FC24AF00D1B37F /* SceneDelegate.swift */; };
		31C8F82627FC24AF00D1B37F /* ViewController.swift in Sources */ = {isa = PBXBuildFile; fileRef = 31C8F82527FC24AF00D1B37F /* ViewController.swift */; };
		31C8F82927FC24AF00D1B37F /* Main.storyboard in Resources */ = {isa = PBXBuildFile; fileRef = 31C8F82727FC24AF00D1B37F /* Main.storyboard */; };
		31C8F82B27FC24B100D1B37F /* Assets.xcassets in Resources */ = {isa = PBXBuildFile; fileRef = 31C8F82A27FC24B100D1B37F /* Assets.xcassets */; };
		31C8F82E27FC24B100D1B37F /* LaunchScreen.storyboard in Resources */ = {isa = PBXBuildFile; fileRef = 31C8F82C27FC24B100D1B37F /* LaunchScreen.storyboard */; };
		31C8F83627FC29B800D1B37F /* SwiftyLib.swift in Sources */ = {isa = PBXBuildFile; fileRef = 31C8F83527FC29B800D1B37F /* SwiftyLib.swift */; };
/* End PBXBuildFile section */

/* Begin PBXContainerItemProxy section */
		31C8F80D27FC249000D1B37F /* PBXContainerItemProxy */ = {
			isa = PBXContainerItemProxy;
			containerPortal = 31C8F7F827FC248F00D1B37F /* Project object */;
			proxyType = 1;
			remoteGlobalIDString = 31C8F80027FC248F00D1B37F;
			remoteInfo = SwiftLib;
		};
/* End PBXContainerItemProxy section */

/* Begin PBXFileReference section */
		31C8F80127FC248F00D1B37F /* SwiftyLib.framework */ = {isa = PBXFileReference; explicitFileType = wrapper.framework; includeInIndex = 0; path = SwiftyLib.framework; sourceTree = BUILT_PRODUCTS_DIR; };
		31C8F80427FC248F00D1B37F /* SwiftyLib.h */ = {isa = PBXFileReference; lastKnownFileType = sourcecode.c.h; path = SwiftyLib.h; sourceTree = "<group>"; };
		31C8F80527FC248F00D1B37F /* SwiftyLib.docc */ = {isa = PBXFileReference; lastKnownFileType = folder.documentationcatalog; path = SwiftyLib.docc; sourceTree = "<group>"; };
		31C8F80B27FC249000D1B37F /* SwiftyLibTests.xctest */ = {isa = PBXFileReference; explicitFileType = wrapper.cfbundle; includeInIndex = 0; path = SwiftyLibTests.xctest; sourceTree = BUILT_PRODUCTS_DIR; };
		31C8F81027FC249000D1B37F /* SwiftLibTests.swift */ = {isa = PBXFileReference; lastKnownFileType = sourcecode.swift; path = SwiftLibTests.swift; sourceTree = "<group>"; };
		31C8F81F27FC24AF00D1B37F /* SwiftyLibExamples.app */ = {isa = PBXFileReference; explicitFileType = wrapper.application; includeInIndex = 0; path = SwiftyLibExamples.app; sourceTree = BUILT_PRODUCTS_DIR; };
		31C8F82127FC24AF00D1B37F /* AppDelegate.swift */ = {isa = PBXFileReference; lastKnownFileType = sourcecode.swift; path = AppDelegate.swift; sourceTree = "<group>"; };
		31C8F82327FC24AF00D1B37F /* SceneDelegate.swift */ = {isa = PBXFileReference; lastKnownFileType = sourcecode.swift; path = SceneDelegate.swift; sourceTree = "<group>"; };
		31C8F82527FC24AF00D1B37F /* ViewController.swift */ = {isa = PBXFileReference; lastKnownFileType = sourcecode.swift; path = ViewController.swift; sourceTree = "<group>"; };
		31C8F82827FC24AF00D1B37F /* Base */ = {isa = PBXFileReference; lastKnownFileType = file.storyboard; name = Base; path = Base.lproj/Main.storyboard; sourceTree = "<group>"; };
		31C8F82A27FC24B100D1B37F /* Assets.xcassets */ = {isa = PBXFileReference; lastKnownFileType = folder.assetcatalog; path = Assets.xcassets; sourceTree = "<group>"; };
		31C8F82D27FC24B100D1B37F /* Base */ = {isa = PBXFileReference; lastKnownFileType = file.storyboard; name = Base; path = Base.lproj/LaunchScreen.storyboard; sourceTree = "<group>"; };
		31C8F82F27FC24B100D1B37F /* Info.plist */ = {isa = PBXFileReference; lastKnownFileType = text.plist.xml; path = Info.plist; sourceTree = "<group>"; };
		31C8F83527FC29B800D1B37F /* SwiftyLib.swift */ = {isa = PBXFileReference; lastKnownFileType = sourcecode.swift; path = SwiftyLib.swift; sourceTree = "<group>"; };
/* End PBXFileReference section */

/* Begin PBXFrameworksBuildPhase section */
		31C8F7FE27FC248F00D1B37F /* Frameworks */ = {
			isa = PBXFrameworksBuildPhase;
			buildActionMask = 2147483647;
			files = (
			);
			runOnlyForDeploymentPostprocessing = 0;
		};
		31C8F80827FC249000D1B37F /* Frameworks */ = {
			isa = PBXFrameworksBuildPhase;
			buildActionMask = 2147483647;
			files = (
				31C8F80C27FC249000D1B37F /* SwiftyLib.framework in Frameworks */,
			);
			runOnlyForDeploymentPostprocessing = 0;
		};
		31C8F81C27FC24AF00D1B37F /* Frameworks */ = {
			isa = PBXFrameworksBuildPhase;
			buildActionMask = 2147483647;
			files = (
			);
			runOnlyForDeploymentPostprocessing = 0;
		};
/* End PBXFrameworksBuildPhase section */

/* Begin PBXGroup section */
		31C8F7F727FC248F00D1B37F = {
			isa = PBXGroup;
			children = (
				31C8F80327FC248F00D1B37F /* SwiftyLib */,
				31C8F80F27FC249000D1B37F /* SwiftyLibTests */,
				31C8F82027FC24AF00D1B37F /* SwiftyLibExamples */,
				31C8F80227FC248F00D1B37F /* Products */,
			);
			sourceTree = "<group>";
		};
		31C8F80227FC248F00D1B37F /* Products */ = {
			isa = PBXGroup;
			children = (
				31C8F80127FC248F00D1B37F /* SwiftyLib.framework */,
				31C8F80B27FC249000D1B37F /* SwiftyLibTests.xctest */,
				31C8F81F27FC24AF00D1B37F /* SwiftyLibExamples.app */,
			);
			name = Products;
			sourceTree = "<group>";
		};
		31C8F80327FC248F00D1B37F /* SwiftyLib */ = {
			isa = PBXGroup;
			children = (
				31C8F80427FC248F00D1B37F /* SwiftyLib.h */,
				31C8F80527FC248F00D1B37F /* SwiftyLib.docc */,
				31C8F83527FC29B800D1B37F /* SwiftyLib.swift */,
			);
			path = SwiftyLib;
			sourceTree = "<group>";
		};
		31C8F80F27FC249000D1B37F /* SwiftyLibTests */ = {
			isa = PBXGroup;
			children = (
				31C8F81027FC249000D1B37F /* SwiftLibTests.swift */,
			);
			path = SwiftyLibTests;
			sourceTree = "<group>";
		};
		31C8F82027FC24AF00D1B37F /* SwiftyLibExamples */ = {
			isa = PBXGroup;
			children = (
				31C8F82127FC24AF00D1B37F /* AppDelegate.swift */,
				31C8F82327FC24AF00D1B37F /* SceneDelegate.swift */,
				31C8F82527FC24AF00D1B37F /* ViewController.swift */,
				31C8F82727FC24AF00D1B37F /* Main.storyboard */,
				31C8F82A27FC24B100D1B37F /* Assets.xcassets */,
				31C8F82C27FC24B100D1B37F /* LaunchScreen.storyboard */,
				31C8F82F27FC24B100D1B37F /* Info.plist */,
			);
			path = SwiftyLibExamples;
			sourceTree = "<group>";
		};
/* End PBXGroup section */

/* Begin PBXHeadersBuildPhase section */
		31C8F7FC27FC248F00D1B37F /* Headers */ = {
			isa = PBXHeadersBuildPhase;
			buildActionMask = 2147483647;
			files = (
				31C8F81227FC249000D1B37F /* SwiftyLib.h in Headers */,
			);
			runOnlyForDeploymentPostprocessing = 0;
		};
/* End PBXHeadersBuildPhase section */

/* Begin PBXNativeTarget section */
		31C8F80027FC248F00D1B37F /* SwiftyLib */ = {
			isa = PBXNativeTarget;
			buildConfigurationList = 31C8F81527FC249000D1B37F /* Build configuration list for PBXNativeTarget "SwiftyLib" */;
			buildPhases = (
				31C8F7FC27FC248F00D1B37F /* Headers */,
				31C8F7FD27FC248F00D1B37F /* Sources */,
				31C8F7FE27FC248F00D1B37F /* Frameworks */,
				31C8F7FF27FC248F00D1B37F /* Resources */,
			);
			buildRules = (
			);
			dependencies = (
			);
			name = SwiftyLib;
			productName = SwiftLib;
			productReference = 31C8F80127FC248F00D1B37F /* SwiftyLib.framework */;
			productType = "com.apple.product-type.framework";
		};
		31C8F80A27FC249000D1B37F /* SwiftyLibTests */ = {
			isa = PBXNativeTarget;
			buildConfigurationList = 31C8F81827FC249000D1B37F /* Build configuration list for PBXNativeTarget "SwiftyLibTests" */;
			buildPhases = (
				31C8F80727FC249000D1B37F /* Sources */,
				31C8F80827FC249000D1B37F /* Frameworks */,
				31C8F80927FC249000D1B37F /* Resources */,
			);
			buildRules = (
			);
			dependencies = (
				31C8F80E27FC249000D1B37F /* PBXTargetDependency */,
			);
			name = SwiftyLibTests;
			productName = SwiftLibTests;
			productReference = 31C8F80B27FC249000D1B37F /* SwiftyLibTests.xctest */;
			productType = "com.apple.product-type.bundle.unit-test";
		};
		31C8F81E27FC24AF00D1B37F /* SwiftyLibExamples */ = {
			isa = PBXNativeTarget;
			buildConfigurationList = 31C8F83027FC24B100D1B37F /* Build configuration list for PBXNativeTarget "SwiftyLibExamples" */;
			buildPhases = (
				31C8F81B27FC24AF00D1B37F /* Sources */,
				31C8F81C27FC24AF00D1B37F /* Frameworks */,
				31C8F81D27FC24AF00D1B37F /* Resources */,
			);
			buildRules = (
			);
			dependencies = (
			);
			name = SwiftyLibExamples;
			productName = SwiftyLibExamples;
			productReference = 31C8F81F27FC24AF00D1B37F /* SwiftyLibExamples.app */;
			productType = "com.apple.product-type.application";
		};
/* End PBXNativeTarget section */

/* Begin PBXProject section */
		31C8F7F827FC248F00D1B37F /* Project object */ = {
			isa = PBXProject;
			attributes = {
				BuildIndependentTargetsInParallel = 1;
				LastSwiftUpdateCheck = 1310;
				LastUpgradeCheck = 1310;
				TargetAttributes = {
					31C8F80027FC248F00D1B37F = {
						CreatedOnToolsVersion = 13.1;
					};
					31C8F80A27FC249000D1B37F = {
						CreatedOnToolsVersion = 13.1;
					};
					31C8F81E27FC24AF00D1B37F = {
						CreatedOnToolsVersion = 13.1;
					};
				};
			};
			buildConfigurationList = 31C8F7FB27FC248F00D1B37F /* Build configuration list for PBXProject "SwiftyLib" */;
			compatibilityVersion = "Xcode 13.0";
			developmentRegion = en;
			hasScannedForEncodings = 0;
			knownRegions = (
				en,
				Base,
			);
			mainGroup = 31C8F7F727FC248F00D1B37F;
			productRefGroup = 31C8F80227FC248F00D1B37F /* Products */;
			projectDirPath = "";
			projectRoot = "";
			targets = (
				31C8F80027FC248F00D1B37F /* SwiftyLib */,
				31C8F80A27FC249000D1B37F /* SwiftyLibTests */,
				31C8F81E27FC24AF00D1B37F /* SwiftyLibExamples */,
			);
		};
/* End PBXProject section */

/* Begin PBXResourcesBuildPhase section */
		31C8F7FF27FC248F00D1B37F /* Resources */ = {
			isa = PBXResourcesBuildPhase;
			buildActionMask = 2147483647;
			files = (
			);
			runOnlyForDeploymentPostprocessing = 0;
		};
		31C8F80927FC249000D1B37F /* Resources */ = {
			isa = PBXResourcesBuildPhase;
			buildActionMask = 2147483647;
			files = (
			);
			runOnlyForDeploymentPostprocessing = 0;
		};
		31C8F81D27FC24AF00D1B37F /* Resources */ = {
			isa = PBXResourcesBuildPhase;
			buildActionMask = 2147483647;
			files = (
				31C8F82E27FC24B100D1B37F /* LaunchScreen.storyboard in Resources */,
				31C8F82B27FC24B100D1B37F /* Assets.xcassets in Resources */,
				31C8F82927FC24AF00D1B37F /* Main.storyboard in Resources */,
			);
			runOnlyForDeploymentPostprocessing = 0;
		};
/* End PBXResourcesBuildPhase section */

/* Begin PBXSourcesBuildPhase section */
		31C8F7FD27FC248F00D1B37F /* Sources */ = {
			isa = PBXSourcesBuildPhase;
			buildActionMask = 2147483647;
			files = (
				31C8F80627FC248F00D1B37F /* SwiftyLib.docc in Sources */,
				31C8F83627FC29B800D1B37F /* SwiftyLib.swift in Sources */,
			);
			runOnlyForDeploymentPostprocessing = 0;
		};
		31C8F80727FC249000D1B37F /* Sources */ = {
			isa = PBXSourcesBuildPhase;
			buildActionMask = 2147483647;
			files = (
				31C8F81127FC249000D1B37F /* SwiftLibTests.swift in Sources */,
			);
			runOnlyForDeploymentPostprocessing = 0;
		};
		31C8F81B27FC24AF00D1B37F /* Sources */ = {
			isa = PBXSourcesBuildPhase;
			buildActionMask = 2147483647;
			files = (
				31C8F82627FC24AF00D1B37F /* ViewController.swift in Sources */,
				31C8F82227FC24AF00D1B37F /* AppDelegate.swift in Sources */,
				31C8F82427FC24AF00D1B37F /* SceneDelegate.swift in Sources */,
			);
			runOnlyForDeploymentPostprocessing = 0;
		};
/* End PBXSourcesBuildPhase section */

/* Begin PBXTargetDependency section */
		31C8F80E27FC249000D1B37F /* PBXTargetDependency */ = {
			isa = PBXTargetDependency;
			target = 31C8F80027FC248F00D1B37F /* SwiftyLib */;
			targetProxy = 31C8F80D27FC249000D1B37F /* PBXContainerItemProxy */;
		};
/* End PBXTargetDependency section */

/* Begin PBXVariantGroup section */
		31C8F82727FC24AF00D1B37F /* Main.storyboard */ = {
			isa = PBXVariantGroup;
			children = (
				31C8F82827FC24AF00D1B37F /* Base */,
			);
			name = Main.storyboard;
			sourceTree = "<group>";
		};
		31C8F82C27FC24B100D1B37F /* LaunchScreen.storyboard */ = {
			isa = PBXVariantGroup;
			children = (
				31C8F82D27FC24B100D1B37F /* Base */,
			);
			name = LaunchScreen.storyboard;
			sourceTree = "<group>";
		};
/* End PBXVariantGroup section */

/* Begin XCBuildConfiguration section */
		31C8F81327FC249000D1B37F /* Debug */ = {
			isa = XCBuildConfiguration;
			buildSettings = {
				ALWAYS_SEARCH_USER_PATHS = NO;
				CLANG_ANALYZER_NONNULL = YES;
				CLANG_ANALYZER_NUMBER_OBJECT_CONVERSION = YES_AGGRESSIVE;
				CLANG_CXX_LANGUAGE_STANDARD = "gnu++17";
				CLANG_CXX_LIBRARY = "libc++";
				CLANG_ENABLE_MODULES = YES;
				CLANG_ENABLE_OBJC_ARC = YES;
				CLANG_ENABLE_OBJC_WEAK = YES;
				CLANG_WARN_BLOCK_CAPTURE_AUTORELEASING = YES;
				CLANG_WARN_BOOL_CONVERSION = YES;
				CLANG_WARN_COMMA = YES;
				CLANG_WARN_CONSTANT_CONVERSION = YES;
				CLANG_WARN_DEPRECATED_OBJC_IMPLEMENTATIONS = YES;
				CLANG_WARN_DIRECT_OBJC_ISA_USAGE = YES_ERROR;
				CLANG_WARN_DOCUMENTATION_COMMENTS = YES;
				CLANG_WARN_EMPTY_BODY = YES;
				CLANG_WARN_ENUM_CONVERSION = YES;
				CLANG_WARN_INFINITE_RECURSION = YES;
				CLANG_WARN_INT_CONVERSION = YES;
				CLANG_WARN_NON_LITERAL_NULL_CONVERSION = YES;
				CLANG_WARN_OBJC_IMPLICIT_RETAIN_SELF = YES;
				CLANG_WARN_OBJC_LITERAL_CONVERSION = YES;
				CLANG_WARN_OBJC_ROOT_CLASS = YES_ERROR;
				CLANG_WARN_QUOTED_INCLUDE_IN_FRAMEWORK_HEADER = YES;
				CLANG_WARN_RANGE_LOOP_ANALYSIS = YES;
				CLANG_WARN_STRICT_PROTOTYPES = YES;
				CLANG_WARN_SUSPICIOUS_MOVE = YES;
				CLANG_WARN_UNGUARDED_AVAILABILITY = YES_AGGRESSIVE;
				CLANG_WARN_UNREACHABLE_CODE = YES;
				CLANG_WARN__DUPLICATE_METHOD_MATCH = YES;
				COPY_PHASE_STRIP = NO;
				CURRENT_PROJECT_VERSION = 1;
				DEBUG_INFORMATION_FORMAT = dwarf;
				ENABLE_STRICT_OBJC_MSGSEND = YES;
				ENABLE_TESTABILITY = YES;
				GCC_C_LANGUAGE_STANDARD = gnu11;
				GCC_DYNAMIC_NO_PIC = NO;
				GCC_NO_COMMON_BLOCKS = YES;
				GCC_OPTIMIZATION_LEVEL = 0;
				GCC_PREPROCESSOR_DEFINITIONS = (
					"DEBUG=1",
					"$(inherited)",
				);
				GCC_WARN_64_TO_32_BIT_CONVERSION = YES;
				GCC_WARN_ABOUT_RETURN_TYPE = YES_ERROR;
				GCC_WARN_UNDECLARED_SELECTOR = YES;
				GCC_WARN_UNINITIALIZED_AUTOS = YES_AGGRESSIVE;
				GCC_WARN_UNUSED_FUNCTION = YES;
				GCC_WARN_UNUSED_VARIABLE = YES;
				IPHONEOS_DEPLOYMENT_TARGET = 15.0;
				MTL_ENABLE_DEBUG_INFO = INCLUDE_SOURCE;
				MTL_FAST_MATH = YES;
				ONLY_ACTIVE_ARCH = YES;
				SDKROOT = iphoneos;
				SWIFT_ACTIVE_COMPILATION_CONDITIONS = DEBUG;
				SWIFT_OPTIMIZATION_LEVEL = "-Onone";
				VERSIONING_SYSTEM = "apple-generic";
				VERSION_INFO_PREFIX = "";
			};
			name = Debug;
		};
		31C8F81427FC249000D1B37F /* Release */ = {
			isa = XCBuildConfiguration;
			buildSettings = {
				ALWAYS_SEARCH_USER_PATHS = NO;
				CLANG_ANALYZER_NONNULL = YES;
				CLANG_ANALYZER_NUMBER_OBJECT_CONVERSION = YES_AGGRESSIVE;
				CLANG_CXX_LANGUAGE_STANDARD = "gnu++17";
				CLANG_CXX_LIBRARY = "libc++";
				CLANG_ENABLE_MODULES = YES;
				CLANG_ENABLE_OBJC_ARC = YES;
				CLANG_ENABLE_OBJC_WEAK = YES;
				CLANG_WARN_BLOCK_CAPTURE_AUTORELEASING = YES;
				CLANG_WARN_BOOL_CONVERSION = YES;
				CLANG_WARN_COMMA = YES;
				CLANG_WARN_CONSTANT_CONVERSION = YES;
				CLANG_WARN_DEPRECATED_OBJC_IMPLEMENTATIONS = YES;
				CLANG_WARN_DIRECT_OBJC_ISA_USAGE = YES_ERROR;
				CLANG_WARN_DOCUMENTATION_COMMENTS = YES;
				CLANG_WARN_EMPTY_BODY = YES;
				CLANG_WARN_ENUM_CONVERSION = YES;
				CLANG_WARN_INFINITE_RECURSION = YES;
				CLANG_WARN_INT_CONVERSION = YES;
				CLANG_WARN_NON_LITERAL_NULL_CONVERSION = YES;
				CLANG_WARN_OBJC_IMPLICIT_RETAIN_SELF = YES;
				CLANG_WARN_OBJC_LITERAL_CONVERSION = YES;
				CLANG_WARN_OBJC_ROOT_CLASS = YES_ERROR;
				CLANG_WARN_QUOTED_INCLUDE_IN_FRAMEWORK_HEADER = YES;
				CLANG_WARN_RANGE_LOOP_ANALYSIS = YES;
				CLANG_WARN_STRICT_PROTOTYPES = YES;
				CLANG_WARN_SUSPICIOUS_MOVE = YES;
				CLANG_WARN_UNGUARDED_AVAILABILITY = YES_AGGRESSIVE;
				CLANG_WARN_UNREACHABLE_CODE = YES;
				CLANG_WARN__DUPLICATE_METHOD_MATCH = YES;
				COPY_PHASE_STRIP = NO;
				CURRENT_PROJECT_VERSION = 1;
				DEBUG_INFORMATION_FORMAT = "dwarf-with-dsym";
				ENABLE_NS_ASSERTIONS = NO;
				ENABLE_STRICT_OBJC_MSGSEND = YES;
				GCC_C_LANGUAGE_STANDARD = gnu11;
				GCC_NO_COMMON_BLOCKS = YES;
				GCC_WARN_64_TO_32_BIT_CONVERSION = YES;
				GCC_WARN_ABOUT_RETURN_TYPE = YES_ERROR;
				GCC_WARN_UNDECLARED_SELECTOR = YES;
				GCC_WARN_UNINITIALIZED_AUTOS = YES_AGGRESSIVE;
				GCC_WARN_UNUSED_FUNCTION = YES;
				GCC_WARN_UNUSED_VARIABLE = YES;
				IPHONEOS_DEPLOYMENT_TARGET = 15.0;
				MTL_ENABLE_DEBUG_INFO = NO;
				MTL_FAST_MATH = YES;
				SDKROOT = iphoneos;
				SWIFT_COMPILATION_MODE = wholemodule;
				SWIFT_OPTIMIZATION_LEVEL = "-O";
				VALIDATE_PRODUCT = YES;
				VERSIONING_SYSTEM = "apple-generic";
				VERSION_INFO_PREFIX = "";
			};
			name = Release;
		};
		31C8F81627FC249000D1B37F /* Debug */ = {
			isa = XCBuildConfiguration;
			buildSettings = {
				CODE_SIGN_STYLE = Automatic;
				CURRENT_PROJECT_VERSION = 1;
				DEFINES_MODULE = YES;
				DYLIB_COMPATIBILITY_VERSION = 1;
				DYLIB_CURRENT_VERSION = 1;
				DYLIB_INSTALL_NAME_BASE = "@rpath";
				GENERATE_INFOPLIST_FILE = YES;
				INFOPLIST_KEY_NSHumanReadableCopyright = "";
				INSTALL_PATH = "$(LOCAL_LIBRARY_DIR)/Frameworks";
				LD_RUNPATH_SEARCH_PATHS = (
					"$(inherited)",
					"@executable_path/Frameworks",
					"@loader_path/Frameworks",
				);
				MARKETING_VERSION = 1.0;
				PRODUCT_BUNDLE_IDENTIFIER = com.d6mobile.SwiftLib;
				PRODUCT_NAME = "$(TARGET_NAME:c99extidentifier)";
				SKIP_INSTALL = YES;
				SWIFT_EMIT_LOC_STRINGS = YES;
				SWIFT_VERSION = 5.0;
				TARGETED_DEVICE_FAMILY = "1,2";
			};
			name = Debug;
		};
		31C8F81727FC249000D1B37F /* Release */ = {
			isa = XCBuildConfiguration;
			buildSettings = {
				CODE_SIGN_STYLE = Automatic;
				CURRENT_PROJECT_VERSION = 1;
				DEFINES_MODULE = YES;
				DYLIB_COMPATIBILITY_VERSION = 1;
				DYLIB_CURRENT_VERSION = 1;
				DYLIB_INSTALL_NAME_BASE = "@rpath";
				GENERATE_INFOPLIST_FILE = YES;
				INFOPLIST_KEY_NSHumanReadableCopyright = "";
				INSTALL_PATH = "$(LOCAL_LIBRARY_DIR)/Frameworks";
				LD_RUNPATH_SEARCH_PATHS = (
					"$(inherited)",
					"@executable_path/Frameworks",
					"@loader_path/Frameworks",
				);
				MARKETING_VERSION = 1.0;
				PRODUCT_BUNDLE_IDENTIFIER = com.d6mobile.SwiftLib;
				PRODUCT_NAME = "$(TARGET_NAME:c99extidentifier)";
				SKIP_INSTALL = YES;
				SWIFT_EMIT_LOC_STRINGS = YES;
				SWIFT_VERSION = 5.0;
				TARGETED_DEVICE_FAMILY = "1,2";
			};
			name = Release;
		};
		31C8F81927FC249000D1B37F /* Debug */ = {
			isa = XCBuildConfiguration;
			buildSettings = {
				ALWAYS_EMBED_SWIFT_STANDARD_LIBRARIES = YES;
				CODE_SIGN_STYLE = Automatic;
				CURRENT_PROJECT_VERSION = 1;
				GENERATE_INFOPLIST_FILE = YES;
				LD_RUNPATH_SEARCH_PATHS = (
					"$(inherited)",
					"@executable_path/Frameworks",
					"@loader_path/Frameworks",
				);
				MARKETING_VERSION = 1.0;
				PRODUCT_BUNDLE_IDENTIFIER = com.d6mobile.SwiftLibTests;
				PRODUCT_NAME = "$(TARGET_NAME)";
				SWIFT_EMIT_LOC_STRINGS = NO;
				SWIFT_VERSION = 5.0;
				TARGETED_DEVICE_FAMILY = "1,2";
			};
			name = Debug;
		};
		31C8F81A27FC249000D1B37F /* Release */ = {
			isa = XCBuildConfiguration;
			buildSettings = {
				ALWAYS_EMBED_SWIFT_STANDARD_LIBRARIES = YES;
				CODE_SIGN_STYLE = Automatic;
				CURRENT_PROJECT_VERSION = 1;
				GENERATE_INFOPLIST_FILE = YES;
				LD_RUNPATH_SEARCH_PATHS = (
					"$(inherited)",
					"@executable_path/Frameworks",
					"@loader_path/Frameworks",
				);
				MARKETING_VERSION = 1.0;
				PRODUCT_BUNDLE_IDENTIFIER = com.d6mobile.SwiftLibTests;
				PRODUCT_NAME = "$(TARGET_NAME)";
				SWIFT_EMIT_LOC_STRINGS = NO;
				SWIFT_VERSION = 5.0;
				TARGETED_DEVICE_FAMILY = "1,2";
			};
			name = Release;
		};
		31C8F83127FC24B100D1B37F /* Debug */ = {
			isa = XCBuildConfiguration;
			buildSettings = {
				ASSETCATALOG_COMPILER_APPICON_NAME = AppIcon;
				ASSETCATALOG_COMPILER_GLOBAL_ACCENT_COLOR_NAME = AccentColor;
				CODE_SIGN_STYLE = Automatic;
				CURRENT_PROJECT_VERSION = 1;
				GENERATE_INFOPLIST_FILE = YES;
				INFOPLIST_FILE = SwiftyLibExamples/Info.plist;
				INFOPLIST_KEY_UIApplicationSupportsIndirectInputEvents = YES;
				INFOPLIST_KEY_UILaunchStoryboardName = LaunchScreen;
				INFOPLIST_KEY_UIMainStoryboardFile = Main;
				INFOPLIST_KEY_UISupportedInterfaceOrientations_iPad = "UIInterfaceOrientationPortrait UIInterfaceOrientationPortraitUpsideDown UIInterfaceOrientationLandscapeLeft UIInterfaceOrientationLandscapeRight";
				INFOPLIST_KEY_UISupportedInterfaceOrientations_iPhone = "UIInterfaceOrientationPortrait UIInterfaceOrientationLandscapeLeft UIInterfaceOrientationLandscapeRight";
				LD_RUNPATH_SEARCH_PATHS = (
					"$(inherited)",
					"@executable_path/Frameworks",
				);
				MARKETING_VERSION = 1.0;
				PRODUCT_BUNDLE_IDENTIFIER = com.d6mobile.SwiftyLibExamples;
				PRODUCT_NAME = "$(TARGET_NAME)";
				SWIFT_EMIT_LOC_STRINGS = YES;
				SWIFT_VERSION = 5.0;
				TARGETED_DEVICE_FAMILY = "1,2";
			};
			name = Debug;
		};
		31C8F83227FC24B100D1B37F /* Release */ = {
			isa = XCBuildConfiguration;
			buildSettings = {
				ASSETCATALOG_COMPILER_APPICON_NAME = AppIcon;
				ASSETCATALOG_COMPILER_GLOBAL_ACCENT_COLOR_NAME = AccentColor;
				CODE_SIGN_STYLE = Automatic;
				CURRENT_PROJECT_VERSION = 1;
				GENERATE_INFOPLIST_FILE = YES;
				INFOPLIST_FILE = SwiftyLibExamples/Info.plist;
				INFOPLIST_KEY_UIApplicationSupportsIndirectInputEvents = YES;
				INFOPLIST_KEY_UILaunchStoryboardName = LaunchScreen;
				INFOPLIST_KEY_UIMainStoryboardFile = Main;
				INFOPLIST_KEY_UISupportedInterfaceOrientations_iPad = "UIInterfaceOrientationPortrait UIInterfaceOrientationPortraitUpsideDown UIInterfaceOrientationLandscapeLeft UIInterfaceOrientationLandscapeRight";
				INFOPLIST_KEY_UISupportedInterfaceOrientations_iPhone = "UIInterfaceOrientationPortrait UIInterfaceOrientationLandscapeLeft UIInterfaceOrientationLandscapeRight";
				LD_RUNPATH_SEARCH_PATHS = (
					"$(inherited)",
					"@executable_path/Frameworks",
				);
				MARKETING_VERSION = 1.0;
				PRODUCT_BUNDLE_IDENTIFIER = com.d6mobile.SwiftyLibExamples;
				PRODUCT_NAME = "$(TARGET_NAME)";
				SWIFT_EMIT_LOC_STRINGS = YES;
				SWIFT_VERSION = 5.0;
				TARGETED_DEVICE_FAMILY = "1,2";
			};
			name = Release;
		};
/* End XCBuildConfiguration section */

/* Begin XCConfigurationList section */
		31C8F7FB27FC248F00D1B37F /* Build configuration list for PBXProject "SwiftyLib" */ = {
			isa = XCConfigurationList;
			buildConfigurations = (
				31C8F81327FC249000D1B37F /* Debug */,
				31C8F81427FC249000D1B37F /* Release */,
			);
			defaultConfigurationIsVisible = 0;
			defaultConfigurationName = Release;
		};
		31C8F81527FC249000D1B37F /* Build configuration list for PBXNativeTarget "SwiftyLib" */ = {
			isa = XCConfigurationList;
			buildConfigurations = (
				31C8F81627FC249000D1B37F /* Debug */,
				31C8F81727FC249000D1B37F /* Release */,
			);
			defaultConfigurationIsVisible = 0;
			defaultConfigurationName = Release;
		};
		31C8F81827FC249000D1B37F /* Build configuration list for PBXNativeTarget "SwiftyLibTests" */ = {
			isa = XCConfigurationList;
			buildConfigurations = (
				31C8F81927FC249000D1B37F /* Debug */,
				31C8F81A27FC249000D1B37F /* Release */,
			);
			defaultConfigurationIsVisible = 0;
			defaultConfigurationName = Release;
		};
		31C8F83027FC24B100D1B37F /* Build configuration list for PBXNativeTarget "SwiftyLibExamples" */ = {
			isa = XCConfigurationList;
			buildConfigurations = (
				31C8F83127FC24B100D1B37F /* Debug */,
				31C8F83227FC24B100D1B37F /* Release */,
			);
			defaultConfigurationIsVisible = 0;
			defaultConfigurationName = Release;
		};
/* End XCConfigurationList section */
	};
	rootObject = 31C8F7F827FC248F00D1B37F /* Project object */;
}
